
Microsoft Visual Studio Solution File, Format Version 12.00
# Visual Studio 15
VisualStudioVersion = 15.0.26430.6
MinimumVisualStudioVersion = 10.0.40219.1
Project("{2150E333-8FDC-42A3-9474-1A3956D46DE8}") = "src", "src", "{7D8B793C-F4AC-432A-8EE7-2EE3C2B16EC1}"
EndProject
Project("{FAE04EC0-301F-11D3-BF4B-00C04F79EFBC}") = "Microsoft.Azure.ServiceBus.KeyVault", "src\Microsoft.Azure.ServiceBus.KeyVault\Microsoft.Azure.ServiceBus.KeyVault.csproj", "{F942A66E-A1B7-41C3-85E8-1A108D18F890}"
EndProject
Project("{2150E333-8FDC-42A3-9474-1A3956D46DE8}") = "test", "test", "{B18143EB-5FF4-4AFC-B086-709DC9B92546}"
EndProject
Project("{FAE04EC0-301F-11D3-BF4B-00C04F79EFBC}") = "Microsoft.Azure.ServiceBus.KeyVault.Test", "test\Microsoft.Azure.ServiceBus.KeyVault.Test\Microsoft.Azure.ServiceBus.KeyVault.Test.csproj", "{DC8DC685-DCB5-47C7-A2B7-41D31EDDCAED}"
EndProject
Global
	GlobalSection(SolutionConfigurationPlatforms) = preSolution
		Debug|Any CPU = Debug|Any CPU
		Release|Any CPU = Release|Any CPU
	EndGlobalSection
	GlobalSection(ProjectConfigurationPlatforms) = postSolution
		{F942A66E-A1B7-41C3-85E8-1A108D18F890}.Debug|Any CPU.ActiveCfg = Debug|Any CPU
		{F942A66E-A1B7-41C3-85E8-1A108D18F890}.Debug|Any CPU.Build.0 = Debug|Any CPU
		{F942A66E-A1B7-41C3-85E8-1A108D18F890}.Release|Any CPU.ActiveCfg = Release|Any CPU
		{F942A66E-A1B7-41C3-85E8-1A108D18F890}.Release|Any CPU.Build.0 = Release|Any CPU
		{DC8DC685-DCB5-47C7-A2B7-41D31EDDCAED}.Debug|Any CPU.ActiveCfg = Debug|Any CPU
		{DC8DC685-DCB5-47C7-A2B7-41D31EDDCAED}.Debug|Any CPU.Build.0 = Debug|Any CPU
		{DC8DC685-DCB5-47C7-A2B7-41D31EDDCAED}.Release|Any CPU.ActiveCfg = Release|Any CPU
		{DC8DC685-DCB5-47C7-A2B7-41D31EDDCAED}.Release|Any CPU.Build.0 = Release|Any CPU
	EndGlobalSection
	GlobalSection(SolutionProperties) = preSolution
		HideSolutionNode = FALSE
	EndGlobalSection
	GlobalSection(NestedProjects) = preSolution
		{F942A66E-A1B7-41C3-85E8-1A108D18F890} = {7D8B793C-F4AC-432A-8EE7-2EE3C2B16EC1}
		{DC8DC685-DCB5-47C7-A2B7-41D31EDDCAED} = {B18143EB-5FF4-4AFC-B086-709DC9B92546}
	EndGlobalSection
EndGlobal
